
Microsoft Visual Studio Solution File, Format Version 12.00
# Visual Studio Version 16
VisualStudioVersion = 16.0.30717.126
MinimumVisualStudioVersion = 10.0.40219.1
Project("{9A19103F-16F7-4668-BE54-9A1E7A4F7556}") = "API", "API\API.csproj", "{3BC047F9-B399-4242-A99E-8C9D5B830A7C}"
EndProject
Project("{FAE04EC0-301F-11D3-BF4B-00C04F79EFBC}") = "Homely.Core", "Homely.Core\Homely.Core.csproj", "{C7724CBB-173F-49D4-9C83-1B4017401858}"
EndProject
Project("{FAE04EC0-301F-11D3-BF4B-00C04F79EFBC}") = "Homely.Services", "Homely.Service\Homely.Services.csproj", "{770A7582-2150-4A71-83CC-BAFCDFE63C3C}"
EndProject
Project("{FAE04EC0-301F-11D3-BF4B-00C04F79EFBC}") = "Homely.Infrastructure", "Homely.Infrastructure\Homely.Infrastructure.csproj", "{A4A6AB84-7BE8-4538-A212-9D32843FABF1}"
EndProject
Global
	GlobalSection(SolutionConfigurationPlatforms) = preSolution
		Debug|Any CPU = Debug|Any CPU
		Release|Any CPU = Release|Any CPU
	EndGlobalSection
	GlobalSection(ProjectConfigurationPlatforms) = postSolution
		{3BC047F9-B399-4242-A99E-8C9D5B830A7C}.Debug|Any CPU.ActiveCfg = Debug|Any CPU
		{3BC047F9-B399-4242-A99E-8C9D5B830A7C}.Debug|Any CPU.Build.0 = Debug|Any CPU
		{3BC047F9-B399-4242-A99E-8C9D5B830A7C}.Release|Any CPU.ActiveCfg = Release|Any CPU
		{3BC047F9-B399-4242-A99E-8C9D5B830A7C}.Release|Any CPU.Build.0 = Release|Any CPU
		{C7724CBB-173F-49D4-9C83-1B4017401858}.Debug|Any CPU.ActiveCfg = Debug|Any CPU
		{C7724CBB-173F-49D4-9C83-1B4017401858}.Debug|Any CPU.Build.0 = Debug|Any CPU
		{C7724CBB-173F-49D4-9C83-1B4017401858}.Release|Any CPU.ActiveCfg = Release|Any CPU
		{C7724CBB-173F-49D4-9C83-1B4017401858}.Release|Any CPU.Build.0 = Release|Any CPU
		{770A7582-2150-4A71-83CC-BAFCDFE63C3C}.Debug|Any CPU.ActiveCfg = Debug|Any CPU
		{770A7582-2150-4A71-83CC-BAFCDFE63C3C}.Debug|Any CPU.Build.0 = Debug|Any CPU
		{770A7582-2150-4A71-83CC-BAFCDFE63C3C}.Release|Any CPU.ActiveCfg = Release|Any CPU
		{770A7582-2150-4A71-83CC-BAFCDFE63C3C}.Release|Any CPU.Build.0 = Release|Any CPU
		{A4A6AB84-7BE8-4538-A212-9D32843FABF1}.Debug|Any CPU.ActiveCfg = Debug|Any CPU
		{A4A6AB84-7BE8-4538-A212-9D32843FABF1}.Debug|Any CPU.Build.0 = Debug|Any CPU
		{A4A6AB84-7BE8-4538-A212-9D32843FABF1}.Release|Any CPU.ActiveCfg = Release|Any CPU
		{A4A6AB84-7BE8-4538-A212-9D32843FABF1}.Release|Any CPU.Build.0 = Release|Any CPU
	EndGlobalSection
	GlobalSection(SolutionProperties) = preSolution
		HideSolutionNode = FALSE
	EndGlobalSection
	GlobalSection(ExtensibilityGlobals) = postSolution
		SolutionGuid = {2E049330-E56D-4A7C-9715-7D7F9DD7FAD0}
	EndGlobalSection
EndGlobal
